
Microsoft Visual Studio Solution File, Format Version 12.00
# Visual Studio Version 17
VisualStudioVersion = 17.10.34928.147
MinimumVisualStudioVersion = 10.0.40219.1
Project("{FAE04EC0-301F-11D3-BF4B-00C04F79EFBC}") = "ApiEPSA", "ApiEPSA\ApiEPSA.csproj", "{F2E69BF9-0742-4650-B1D8-3F3CF8820D06}"
EndProject
Project("{2150E333-8FDC-42A3-9474-1A3956D46DE8}") = "API", "API", "{0C53F0E5-DE35-4F16-9595-C422F4131081}"
EndProject
Project("{2150E333-8FDC-42A3-9474-1A3956D46DE8}") = "Core", "Core", "{E8864277-13A1-4B69-B98C-02EBA6C3D4BC}"
EndProject
Project("{2150E333-8FDC-42A3-9474-1A3956D46DE8}") = "Infrastructure", "Infrastructure", "{2EDE2DA6-A921-498F-A3D6-C546CEC7D1E7}"
EndProject
Project("{FAE04EC0-301F-11D3-BF4B-00C04F79EFBC}") = "Application", "Application\Application.csproj", "{FD105EE7-FEF0-4B39-8E47-C7CC05D5529D}"
EndProject
Project("{FAE04EC0-301F-11D3-BF4B-00C04F79EFBC}") = "Domain", "Domain\Domain.csproj", "{91D70D62-2595-4F49-BD82-E50DC4C55552}"
EndProject
Project("{FAE04EC0-301F-11D3-BF4B-00C04F79EFBC}") = "Infrastructura", "Infrastructura\Infrastructura.csproj", "{4D4D663E-C4B8-4EFB-A833-1238457DDC56}"
EndProject
Global
	GlobalSection(SolutionConfigurationPlatforms) = preSolution
		Debug|Any CPU = Debug|Any CPU
		Release|Any CPU = Release|Any CPU
	EndGlobalSection
	GlobalSection(ProjectConfigurationPlatforms) = postSolution
		{F2E69BF9-0742-4650-B1D8-3F3CF8820D06}.Debug|Any CPU.ActiveCfg = Debug|Any CPU
		{F2E69BF9-0742-4650-B1D8-3F3CF8820D06}.Debug|Any CPU.Build.0 = Debug|Any CPU
		{F2E69BF9-0742-4650-B1D8-3F3CF8820D06}.Release|Any CPU.ActiveCfg = Release|Any CPU
		{F2E69BF9-0742-4650-B1D8-3F3CF8820D06}.Release|Any CPU.Build.0 = Release|Any CPU
		{FD105EE7-FEF0-4B39-8E47-C7CC05D5529D}.Debug|Any CPU.ActiveCfg = Debug|Any CPU
		{FD105EE7-FEF0-4B39-8E47-C7CC05D5529D}.Debug|Any CPU.Build.0 = Debug|Any CPU
		{FD105EE7-FEF0-4B39-8E47-C7CC05D5529D}.Release|Any CPU.ActiveCfg = Release|Any CPU
		{FD105EE7-FEF0-4B39-8E47-C7CC05D5529D}.Release|Any CPU.Build.0 = Release|Any CPU
		{91D70D62-2595-4F49-BD82-E50DC4C55552}.Debug|Any CPU.ActiveCfg = Debug|Any CPU
		{91D70D62-2595-4F49-BD82-E50DC4C55552}.Debug|Any CPU.Build.0 = Debug|Any CPU
		{91D70D62-2595-4F49-BD82-E50DC4C55552}.Release|Any CPU.ActiveCfg = Release|Any CPU
		{91D70D62-2595-4F49-BD82-E50DC4C55552}.Release|Any CPU.Build.0 = Release|Any CPU
		{4D4D663E-C4B8-4EFB-A833-1238457DDC56}.Debug|Any CPU.ActiveCfg = Debug|Any CPU
		{4D4D663E-C4B8-4EFB-A833-1238457DDC56}.Debug|Any CPU.Build.0 = Debug|Any CPU
		{4D4D663E-C4B8-4EFB-A833-1238457DDC56}.Release|Any CPU.ActiveCfg = Release|Any CPU
		{4D4D663E-C4B8-4EFB-A833-1238457DDC56}.Release|Any CPU.Build.0 = Release|Any CPU
	EndGlobalSection
	GlobalSection(SolutionProperties) = preSolution
		HideSolutionNode = FALSE
	EndGlobalSection
	GlobalSection(NestedProjects) = preSolution
		{F2E69BF9-0742-4650-B1D8-3F3CF8820D06} = {0C53F0E5-DE35-4F16-9595-C422F4131081}
		{FD105EE7-FEF0-4B39-8E47-C7CC05D5529D} = {E8864277-13A1-4B69-B98C-02EBA6C3D4BC}
		{91D70D62-2595-4F49-BD82-E50DC4C55552} = {E8864277-13A1-4B69-B98C-02EBA6C3D4BC}
		{4D4D663E-C4B8-4EFB-A833-1238457DDC56} = {2EDE2DA6-A921-498F-A3D6-C546CEC7D1E7}
	EndGlobalSection
	GlobalSection(ExtensibilityGlobals) = postSolution
		SolutionGuid = {BB396D8B-A8FC-4DCC-A860-65BAA92044A2}
	EndGlobalSection
EndGlobal
